
Microsoft Visual Studio Solution File, Format Version 12.00
# Visual Studio Version 17
VisualStudioVersion = 17.11.35312.102
MinimumVisualStudioVersion = 10.0.40219.1
Project("{2150E333-8FDC-42A3-9474-1A3956D46DE8}") = "Task0", "Task0", "{6761EA4A-2ECB-41A6-94F5-F37E8DAB1534}"
EndProject
Project("{9A19103F-16F7-4668-BE54-9A1E7A4F7556}") = "Tyuiu.DemchenkoAD.Sprint5.Task0.V15", "Tyuiu.DemchenkoAD.Sprint5.Task0.V15\Tyuiu.DemchenkoAD.Sprint5.Task0.V15.csproj", "{DA95173B-55CC-4A85-B725-C12306E16199}"
EndProject
Project("{9A19103F-16F7-4668-BE54-9A1E7A4F7556}") = "Tyuiu.DemchenkoAD.Sprint5.Task0.V15.Lib", "Tyuiu.DemchenkoAD.Sprint5.Task0.V15.Lib\Tyuiu.DemchenkoAD.Sprint5.Task0.V15.Lib.csproj", "{0A28CFC3-A864-40D7-9825-97A84A342BE4}"
EndProject
Project("{9A19103F-16F7-4668-BE54-9A1E7A4F7556}") = "Tyuiu.DemchenkoAD.Sprint5.Task0.V15.Test", "Tyuiu.DemchenkoAD.Sprint5.Task0.V15.Test\Tyuiu.DemchenkoAD.Sprint5.Task0.V15.Test.csproj", "{27232A52-8771-4B1B-962B-BE8C933B49AD}"
EndProject
Project("{2150E333-8FDC-42A3-9474-1A3956D46DE8}") = "Task1", "Task1", "{5D395365-6C8F-40BF-9684-3C8D0A9E8430}"
EndProject
Project("{9A19103F-16F7-4668-BE54-9A1E7A4F7556}") = "Tyuiu.DemchenkoAD.Sprint5.Task1.V2", "Tyuiu.DemchenkoAD.Sprint5.Task1.V2\Tyuiu.DemchenkoAD.Sprint5.Task1.V2.csproj", "{564C7F9E-830F-4C1A-AE1C-EAE462FEA450}"
EndProject
Project("{9A19103F-16F7-4668-BE54-9A1E7A4F7556}") = "Tyuiu.DemchenkoAD.Sprint5.Task1.V2.Lib", "Tyuiu.DemchenkoAD.Sprint5.Task1.V2.Lib\Tyuiu.DemchenkoAD.Sprint5.Task1.V2.Lib.csproj", "{BC849640-D486-45A5-932C-C05017DFCBC8}"
EndProject
Project("{9A19103F-16F7-4668-BE54-9A1E7A4F7556}") = "Tyuiu.DemchenkoAD.Sprint5.Task1.V2.Test", "Tyuiu.DemchenkoAD.Sprint5.Task1.V2.Test\Tyuiu.DemchenkoAD.Sprint5.Task1.V2.Test.csproj", "{B610C7BE-0E5A-49C0-9C49-34385E11788D}"
EndProject
Project("{2150E333-8FDC-42A3-9474-1A3956D46DE8}") = "Task2", "Task2", "{4CAFBBE7-8BEA-41E7-BC40-78479D2F621E}"
EndProject
Project("{9A19103F-16F7-4668-BE54-9A1E7A4F7556}") = "Tyuiu.DemchenkoAD.Sprint5.Task2.V16", "Tyuiu.DemchenkoAD.Sprint5.Task2.V16\Tyuiu.DemchenkoAD.Sprint5.Task2.V16.csproj", "{C801994A-6B31-4F3C-AD87-44DAB66406ED}"
EndProject
Project("{9A19103F-16F7-4668-BE54-9A1E7A4F7556}") = "Tyuiu.DemchenkoAD.Sprint5.Task2.V16.Lib", "Tyuiu.DemchenkoAD.Sprint5.Task2.V16.Lib\Tyuiu.DemchenkoAD.Sprint5.Task2.V16.Lib.csproj", "{EE5A6B4B-EE80-4707-9284-710A7B8DACEC}"
EndProject
Project("{9A19103F-16F7-4668-BE54-9A1E7A4F7556}") = "Tyuiu.DemchenkoAD.Sprint5.Task2.V16.Test", "Tyuiu.DemchenkoAD.Sprint5.Task2.V16.Test\Tyuiu.DemchenkoAD.Sprint5.Task2.V16.Test.csproj", "{B5E969E9-D564-487E-BCF5-79B44A0B30AB}"
EndProject
Project("{2150E333-8FDC-42A3-9474-1A3956D46DE8}") = "Task3", "Task3", "{081599D3-6464-4D6B-A236-EC996CBBDC79}"
EndProject
Project("{9A19103F-16F7-4668-BE54-9A1E7A4F7556}") = "Tyuiu.DemchenkoAD.Sprint5.Task3.V8", "Tyuiu.DemchenkoAD.Sprint5.Task3.V8\Tyuiu.DemchenkoAD.Sprint5.Task3.V8.csproj", "{123C9D11-2F0B-425D-A58F-7933FF779A33}"
EndProject
Project("{9A19103F-16F7-4668-BE54-9A1E7A4F7556}") = "Tyuiu.DemchenkoAD.Sprint5.Task3.V8.Lib", "Tyuiu.DemchenkoAD.Sprint5.Task3.V8.Lib\Tyuiu.DemchenkoAD.Sprint5.Task3.V8.Lib.csproj", "{FEA125EF-8B7F-4D28-9C71-A829F4DC26EA}"
EndProject
Project("{9A19103F-16F7-4668-BE54-9A1E7A4F7556}") = "Tyuiu.DemchenkoAD.Sprint5.Task3.V8.Test", "Tyuiu.DemchenkoAD.Sprint5.Task3.V8.Test\Tyuiu.DemchenkoAD.Sprint5.Task3.V8.Test.csproj", "{A983E9C9-7B44-4F9F-A366-9638751568CB}"
EndProject
Project("{2150E333-8FDC-42A3-9474-1A3956D46DE8}") = "Task4", "Task4", "{675334F1-8086-4E48-BDF9-8AB0E7C5DE85}"
EndProject
Project("{9A19103F-16F7-4668-BE54-9A1E7A4F7556}") = "Tyuiu.DemchenkoAD.Sprint5.Task4.V10", "Tyuiu.DemchenkoAD.Sprint5.Task4.V10\Tyuiu.DemchenkoAD.Sprint5.Task4.V10.csproj", "{EE87A8E3-E169-47DE-8CC4-F55037D26AAF}"
EndProject
Project("{9A19103F-16F7-4668-BE54-9A1E7A4F7556}") = "Tyuiu.DemchenkoAD.Sprint5.Task4.V10.Lib", "Tyuiu.DemchenkoAD.Sprint5.Task4.V10.Lib\Tyuiu.DemchenkoAD.Sprint5.Task4.V10.Lib.csproj", "{36B024B3-CE47-42F2-80C4-EE30D1B545B7}"
EndProject
Project("{9A19103F-16F7-4668-BE54-9A1E7A4F7556}") = "Tyuiu.DemchenkoAD.Sprint5.Task4.V10.Test", "Tyuiu.DemchenkoAD.Sprint5.Task4.V10.Test\Tyuiu.DemchenkoAD.Sprint5.Task4.V10.Test.csproj", "{45EAB114-F87D-4119-8D56-4F83D50187FF}"
EndProject
Project("{2150E333-8FDC-42A3-9474-1A3956D46DE8}") = "Task5", "Task5", "{134E1953-1E54-420B-AB4D-86BF068F92D4}"
EndProject
Project("{FAE04EC0-301F-11D3-BF4B-00C04F79EFBC}") = "Tyuiu.DemchenkoAD.Sprint5.Task5.V10", "Tyuiu.DemchenkoAD.Sprint5.Task5.V10\Tyuiu.DemchenkoAD.Sprint5.Task5.V10.csproj", "{693ED571-631F-41DE-9C54-7F0475665697}"
EndProject
Project("{FAE04EC0-301F-11D3-BF4B-00C04F79EFBC}") = "Tyuiu.DemchenkoAD.Sprint5.Task5.V10.Lib", "Tyuiu.DemchenkoAD.Sprint5.Task5.V10.Lib\Tyuiu.DemchenkoAD.Sprint5.Task5.V10.Lib.csproj", "{F39D4ECB-6497-419F-BDAA-DB59326952C5}"
EndProject
Project("{FAE04EC0-301F-11D3-BF4B-00C04F79EFBC}") = "Tyuiu.DemchenkoAD.Sprint5.Task5.V10.Test", "Tyuiu.DemchenkoAD.Sprint5.Task5.V10.Test\Tyuiu.DemchenkoAD.Sprint5.Task5.V10.Test.csproj", "{2ED73301-466A-4A0A-B430-C5DCA092C171}"
EndProject
Project("{2150E333-8FDC-42A3-9474-1A3956D46DE8}") = "Task6", "Task6", "{11CF790C-18D1-4B0A-9227-3991E6153BB0}"
EndProject
Project("{FAE04EC0-301F-11D3-BF4B-00C04F79EFBC}") = "Tyuiu.DemchenkoAD.Sprint5.Task6.V8", "Tyuiu.DemchenkoAD.Sprint5.Task6.V8\Tyuiu.DemchenkoAD.Sprint5.Task6.V8.csproj", "{2A0F1FA8-3609-4E24-8633-B8D481FAF004}"
EndProject
Project("{FAE04EC0-301F-11D3-BF4B-00C04F79EFBC}") = "Tyuiu.DemchenkoAD.Sprint5.Task6.V8.Lib", "Tyuiu.DemchenkoAD.Sprint5.Task6.V8.Lib\Tyuiu.DemchenkoAD.Sprint5.Task6.V8.Lib.csproj", "{59DDD17C-A4B5-4B32-9BA8-939B299CEEBA}"
EndProject
Project("{FAE04EC0-301F-11D3-BF4B-00C04F79EFBC}") = "Tyuiu.DemchenkoAD.Sprint5.Task6.V8.Test", "Tyuiu.DemchenkoAD.Sprint5.Task6.V8.Test\Tyuiu.DemchenkoAD.Sprint5.Task6.V8.Test.csproj", "{547FA98D-F336-496B-BD2B-894ECE46AD3C}"
EndProject
Project("{2150E333-8FDC-42A3-9474-1A3956D46DE8}") = "Task7", "Task7", "{7007B064-D427-4157-90EE-804831F8E8A2}"
EndProject
Project("{FAE04EC0-301F-11D3-BF4B-00C04F79EFBC}") = "Tyuiu.DemchenkoAD.Sprint5.Task7.V14", "Tyuiu.DemchenkoAD.Sprint5.Task7.V14\Tyuiu.DemchenkoAD.Sprint5.Task7.V14.csproj", "{663D06EC-7387-4330-9B64-B17833481540}"
EndProject
Project("{FAE04EC0-301F-11D3-BF4B-00C04F79EFBC}") = "Tyuiu.DemchenkoAD.Sprint5.Task7.V14.Lib", "Tyuiu.DemchenkoAD.Sprint5.Task7.V14.Lib\Tyuiu.DemchenkoAD.Sprint5.Task7.V14.Lib.csproj", "{38CF45DF-0955-46E7-A36E-E5B8EEE0B10B}"
EndProject
Project("{FAE04EC0-301F-11D3-BF4B-00C04F79EFBC}") = "Tyuiu.DemchenkoAD.Sprint5.Task7.V14.Test", "Tyuiu.DemchenkoAD.Sprint5.Task7.V14.Test\Tyuiu.DemchenkoAD.Sprint5.Task7.V14.Test.csproj", "{DA4942C3-08C2-454A-BBAE-BC1A4EFFC610}"
EndProject
Global
	GlobalSection(SolutionConfigurationPlatforms) = preSolution
		Debug|Any CPU = Debug|Any CPU
		Release|Any CPU = Release|Any CPU
	EndGlobalSection
	GlobalSection(ProjectConfigurationPlatforms) = postSolution
		{DA95173B-55CC-4A85-B725-C12306E16199}.Debug|Any CPU.ActiveCfg = Debug|Any CPU
		{DA95173B-55CC-4A85-B725-C12306E16199}.Debug|Any CPU.Build.0 = Debug|Any CPU
		{DA95173B-55CC-4A85-B725-C12306E16199}.Release|Any CPU.ActiveCfg = Release|Any CPU
		{DA95173B-55CC-4A85-B725-C12306E16199}.Release|Any CPU.Build.0 = Release|Any CPU
		{0A28CFC3-A864-40D7-9825-97A84A342BE4}.Debug|Any CPU.ActiveCfg = Debug|Any CPU
		{0A28CFC3-A864-40D7-9825-97A84A342BE4}.Debug|Any CPU.Build.0 = Debug|Any CPU
		{0A28CFC3-A864-40D7-9825-97A84A342BE4}.Release|Any CPU.ActiveCfg = Release|Any CPU
		{0A28CFC3-A864-40D7-9825-97A84A342BE4}.Release|Any CPU.Build.0 = Release|Any CPU
		{27232A52-8771-4B1B-962B-BE8C933B49AD}.Debug|Any CPU.ActiveCfg = Debug|Any CPU
		{27232A52-8771-4B1B-962B-BE8C933B49AD}.Debug|Any CPU.Build.0 = Debug|Any CPU
		{27232A52-8771-4B1B-962B-BE8C933B49AD}.Release|Any CPU.ActiveCfg = Release|Any CPU
		{27232A52-8771-4B1B-962B-BE8C933B49AD}.Release|Any CPU.Build.0 = Release|Any CPU
		{564C7F9E-830F-4C1A-AE1C-EAE462FEA450}.Debug|Any CPU.ActiveCfg = Debug|Any CPU
		{564C7F9E-830F-4C1A-AE1C-EAE462FEA450}.Debug|Any CPU.Build.0 = Debug|Any CPU
		{564C7F9E-830F-4C1A-AE1C-EAE462FEA450}.Release|Any CPU.ActiveCfg = Release|Any CPU
		{564C7F9E-830F-4C1A-AE1C-EAE462FEA450}.Release|Any CPU.Build.0 = Release|Any CPU
		{BC849640-D486-45A5-932C-C05017DFCBC8}.Debug|Any CPU.ActiveCfg = Debug|Any CPU
		{BC849640-D486-45A5-932C-C05017DFCBC8}.Debug|Any CPU.Build.0 = Debug|Any CPU
		{BC849640-D486-45A5-932C-C05017DFCBC8}.Release|Any CPU.ActiveCfg = Release|Any CPU
		{BC849640-D486-45A5-932C-C05017DFCBC8}.Release|Any CPU.Build.0 = Release|Any CPU
		{B610C7BE-0E5A-49C0-9C49-34385E11788D}.Debug|Any CPU.ActiveCfg = Debug|Any CPU
		{B610C7BE-0E5A-49C0-9C49-34385E11788D}.Debug|Any CPU.Build.0 = Debug|Any CPU
		{B610C7BE-0E5A-49C0-9C49-34385E11788D}.Release|Any CPU.ActiveCfg = Release|Any CPU
		{B610C7BE-0E5A-49C0-9C49-34385E11788D}.Release|Any CPU.Build.0 = Release|Any CPU
		{C801994A-6B31-4F3C-AD87-44DAB66406ED}.Debug|Any CPU.ActiveCfg = Debug|Any CPU
		{C801994A-6B31-4F3C-AD87-44DAB66406ED}.Debug|Any CPU.Build.0 = Debug|Any CPU
		{C801994A-6B31-4F3C-AD87-44DAB66406ED}.Release|Any CPU.ActiveCfg = Release|Any CPU
		{C801994A-6B31-4F3C-AD87-44DAB66406ED}.Release|Any CPU.Build.0 = Release|Any CPU
		{EE5A6B4B-EE80-4707-9284-710A7B8DACEC}.Debug|Any CPU.ActiveCfg = Debug|Any CPU
		{EE5A6B4B-EE80-4707-9284-710A7B8DACEC}.Debug|Any CPU.Build.0 = Debug|Any CPU
		{EE5A6B4B-EE80-4707-9284-710A7B8DACEC}.Release|Any CPU.ActiveCfg = Release|Any CPU
		{EE5A6B4B-EE80-4707-9284-710A7B8DACEC}.Release|Any CPU.Build.0 = Release|Any CPU
		{B5E969E9-D564-487E-BCF5-79B44A0B30AB}.Debug|Any CPU.ActiveCfg = Debug|Any CPU
		{B5E969E9-D564-487E-BCF5-79B44A0B30AB}.Debug|Any CPU.Build.0 = Debug|Any CPU
		{B5E969E9-D564-487E-BCF5-79B44A0B30AB}.Release|Any CPU.ActiveCfg = Release|Any CPU
		{B5E969E9-D564-487E-BCF5-79B44A0B30AB}.Release|Any CPU.Build.0 = Release|Any CPU
		{123C9D11-2F0B-425D-A58F-7933FF779A33}.Debug|Any CPU.ActiveCfg = Debug|Any CPU
		{123C9D11-2F0B-425D-A58F-7933FF779A33}.Debug|Any CPU.Build.0 = Debug|Any CPU
		{123C9D11-2F0B-425D-A58F-7933FF779A33}.Release|Any CPU.ActiveCfg = Release|Any CPU
		{123C9D11-2F0B-425D-A58F-7933FF779A33}.Release|Any CPU.Build.0 = Release|Any CPU
		{FEA125EF-8B7F-4D28-9C71-A829F4DC26EA}.Debug|Any CPU.ActiveCfg = Debug|Any CPU
		{FEA125EF-8B7F-4D28-9C71-A829F4DC26EA}.Debug|Any CPU.Build.0 = Debug|Any CPU
		{FEA125EF-8B7F-4D28-9C71-A829F4DC26EA}.Release|Any CPU.ActiveCfg = Release|Any CPU
		{FEA125EF-8B7F-4D28-9C71-A829F4DC26EA}.Release|Any CPU.Build.0 = Release|Any CPU
		{A983E9C9-7B44-4F9F-A366-9638751568CB}.Debug|Any CPU.ActiveCfg = Debug|Any CPU
		{A983E9C9-7B44-4F9F-A366-9638751568CB}.Debug|Any CPU.Build.0 = Debug|Any CPU
		{A983E9C9-7B44-4F9F-A366-9638751568CB}.Release|Any CPU.ActiveCfg = Release|Any CPU
		{A983E9C9-7B44-4F9F-A366-9638751568CB}.Release|Any CPU.Build.0 = Release|Any CPU
		{EE87A8E3-E169-47DE-8CC4-F55037D26AAF}.Debug|Any CPU.ActiveCfg = Debug|Any CPU
		{EE87A8E3-E169-47DE-8CC4-F55037D26AAF}.Debug|Any CPU.Build.0 = Debug|Any CPU
		{EE87A8E3-E169-47DE-8CC4-F55037D26AAF}.Release|Any CPU.ActiveCfg = Release|Any CPU
		{EE87A8E3-E169-47DE-8CC4-F55037D26AAF}.Release|Any CPU.Build.0 = Release|Any CPU
		{36B024B3-CE47-42F2-80C4-EE30D1B545B7}.Debug|Any CPU.ActiveCfg = Debug|Any CPU
		{36B024B3-CE47-42F2-80C4-EE30D1B545B7}.Debug|Any CPU.Build.0 = Debug|Any CPU
		{36B024B3-CE47-42F2-80C4-EE30D1B545B7}.Release|Any CPU.ActiveCfg = Release|Any CPU
		{36B024B3-CE47-42F2-80C4-EE30D1B545B7}.Release|Any CPU.Build.0 = Release|Any CPU
		{45EAB114-F87D-4119-8D56-4F83D50187FF}.Debug|Any CPU.ActiveCfg = Debug|Any CPU
		{45EAB114-F87D-4119-8D56-4F83D50187FF}.Debug|Any CPU.Build.0 = Debug|Any CPU
		{45EAB114-F87D-4119-8D56-4F83D50187FF}.Release|Any CPU.ActiveCfg = Release|Any CPU
		{45EAB114-F87D-4119-8D56-4F83D50187FF}.Release|Any CPU.Build.0 = Release|Any CPU
		{693ED571-631F-41DE-9C54-7F0475665697}.Debug|Any CPU.ActiveCfg = Debug|Any CPU
		{693ED571-631F-41DE-9C54-7F0475665697}.Debug|Any CPU.Build.0 = Debug|Any CPU
		{693ED571-631F-41DE-9C54-7F0475665697}.Release|Any CPU.ActiveCfg = Release|Any CPU
		{693ED571-631F-41DE-9C54-7F0475665697}.Release|Any CPU.Build.0 = Release|Any CPU
		{F39D4ECB-6497-419F-BDAA-DB59326952C5}.Debug|Any CPU.ActiveCfg = Debug|Any CPU
		{F39D4ECB-6497-419F-BDAA-DB59326952C5}.Debug|Any CPU.Build.0 = Debug|Any CPU
		{F39D4ECB-6497-419F-BDAA-DB59326952C5}.Release|Any CPU.ActiveCfg = Release|Any CPU
		{F39D4ECB-6497-419F-BDAA-DB59326952C5}.Release|Any CPU.Build.0 = Release|Any CPU
		{2ED73301-466A-4A0A-B430-C5DCA092C171}.Debug|Any CPU.ActiveCfg = Debug|Any CPU
		{2ED73301-466A-4A0A-B430-C5DCA092C171}.Debug|Any CPU.Build.0 = Debug|Any CPU
		{2ED73301-466A-4A0A-B430-C5DCA092C171}.Release|Any CPU.ActiveCfg = Release|Any CPU
		{2ED73301-466A-4A0A-B430-C5DCA092C171}.Release|Any CPU.Build.0 = Release|Any CPU
		{2A0F1FA8-3609-4E24-8633-B8D481FAF004}.Debug|Any CPU.ActiveCfg = Debug|Any CPU
		{2A0F1FA8-3609-4E24-8633-B8D481FAF004}.Debug|Any CPU.Build.0 = Debug|Any CPU
		{2A0F1FA8-3609-4E24-8633-B8D481FAF004}.Release|Any CPU.ActiveCfg = Release|Any CPU
		{2A0F1FA8-3609-4E24-8633-B8D481FAF004}.Release|Any CPU.Build.0 = Release|Any CPU
		{59DDD17C-A4B5-4B32-9BA8-939B299CEEBA}.Debug|Any CPU.ActiveCfg = Debug|Any CPU
		{59DDD17C-A4B5-4B32-9BA8-939B299CEEBA}.Debug|Any CPU.Build.0 = Debug|Any CPU
		{59DDD17C-A4B5-4B32-9BA8-939B299CEEBA}.Release|Any CPU.ActiveCfg = Release|Any CPU
		{59DDD17C-A4B5-4B32-9BA8-939B299CEEBA}.Release|Any CPU.Build.0 = Release|Any CPU
		{547FA98D-F336-496B-BD2B-894ECE46AD3C}.Debug|Any CPU.ActiveCfg = Debug|Any CPU
		{547FA98D-F336-496B-BD2B-894ECE46AD3C}.Debug|Any CPU.Build.0 = Debug|Any CPU
		{547FA98D-F336-496B-BD2B-894ECE46AD3C}.Release|Any CPU.ActiveCfg = Release|Any CPU
		{547FA98D-F336-496B-BD2B-894ECE46AD3C}.Release|Any CPU.Build.0 = Release|Any CPU
		{663D06EC-7387-4330-9B64-B17833481540}.Debug|Any CPU.ActiveCfg = Debug|Any CPU
		{663D06EC-7387-4330-9B64-B17833481540}.Debug|Any CPU.Build.0 = Debug|Any CPU
		{663D06EC-7387-4330-9B64-B17833481540}.Release|Any CPU.ActiveCfg = Release|Any CPU
		{663D06EC-7387-4330-9B64-B17833481540}.Release|Any CPU.Build.0 = Release|Any CPU
		{38CF45DF-0955-46E7-A36E-E5B8EEE0B10B}.Debug|Any CPU.ActiveCfg = Debug|Any CPU
		{38CF45DF-0955-46E7-A36E-E5B8EEE0B10B}.Debug|Any CPU.Build.0 = Debug|Any CPU
		{38CF45DF-0955-46E7-A36E-E5B8EEE0B10B}.Release|Any CPU.ActiveCfg = Release|Any CPU
		{38CF45DF-0955-46E7-A36E-E5B8EEE0B10B}.Release|Any CPU.Build.0 = Release|Any CPU
		{DA4942C3-08C2-454A-BBAE-BC1A4EFFC610}.Debug|Any CPU.ActiveCfg = Debug|Any CPU
		{DA4942C3-08C2-454A-BBAE-BC1A4EFFC610}.Debug|Any CPU.Build.0 = Debug|Any CPU
		{DA4942C3-08C2-454A-BBAE-BC1A4EFFC610}.Release|Any CPU.ActiveCfg = Release|Any CPU
		{DA4942C3-08C2-454A-BBAE-BC1A4EFFC610}.Release|Any CPU.Build.0 = Release|Any CPU
	EndGlobalSection
	GlobalSection(SolutionProperties) = preSolution
		HideSolutionNode = FALSE
	EndGlobalSection
	GlobalSection(NestedProjects) = preSolution
		{DA95173B-55CC-4A85-B725-C12306E16199} = {6761EA4A-2ECB-41A6-94F5-F37E8DAB1534}
		{0A28CFC3-A864-40D7-9825-97A84A342BE4} = {6761EA4A-2ECB-41A6-94F5-F37E8DAB1534}
		{27232A52-8771-4B1B-962B-BE8C933B49AD} = {6761EA4A-2ECB-41A6-94F5-F37E8DAB1534}
		{564C7F9E-830F-4C1A-AE1C-EAE462FEA450} = {5D395365-6C8F-40BF-9684-3C8D0A9E8430}
		{BC849640-D486-45A5-932C-C05017DFCBC8} = {5D395365-6C8F-40BF-9684-3C8D0A9E8430}
		{B610C7BE-0E5A-49C0-9C49-34385E11788D} = {5D395365-6C8F-40BF-9684-3C8D0A9E8430}
		{C801994A-6B31-4F3C-AD87-44DAB66406ED} = {4CAFBBE7-8BEA-41E7-BC40-78479D2F621E}
		{EE5A6B4B-EE80-4707-9284-710A7B8DACEC} = {4CAFBBE7-8BEA-41E7-BC40-78479D2F621E}
		{B5E969E9-D564-487E-BCF5-79B44A0B30AB} = {4CAFBBE7-8BEA-41E7-BC40-78479D2F621E}
		{123C9D11-2F0B-425D-A58F-7933FF779A33} = {081599D3-6464-4D6B-A236-EC996CBBDC79}
		{FEA125EF-8B7F-4D28-9C71-A829F4DC26EA} = {081599D3-6464-4D6B-A236-EC996CBBDC79}
		{A983E9C9-7B44-4F9F-A366-9638751568CB} = {081599D3-6464-4D6B-A236-EC996CBBDC79}
		{EE87A8E3-E169-47DE-8CC4-F55037D26AAF} = {675334F1-8086-4E48-BDF9-8AB0E7C5DE85}
		{36B024B3-CE47-42F2-80C4-EE30D1B545B7} = {675334F1-8086-4E48-BDF9-8AB0E7C5DE85}
		{45EAB114-F87D-4119-8D56-4F83D50187FF} = {675334F1-8086-4E48-BDF9-8AB0E7C5DE85}
		{693ED571-631F-41DE-9C54-7F0475665697} = {134E1953-1E54-420B-AB4D-86BF068F92D4}
		{F39D4ECB-6497-419F-BDAA-DB59326952C5} = {134E1953-1E54-420B-AB4D-86BF068F92D4}
		{2ED73301-466A-4A0A-B430-C5DCA092C171} = {134E1953-1E54-420B-AB4D-86BF068F92D4}
		{2A0F1FA8-3609-4E24-8633-B8D481FAF004} = {11CF790C-18D1-4B0A-9227-3991E6153BB0}
		{59DDD17C-A4B5-4B32-9BA8-939B299CEEBA} = {11CF790C-18D1-4B0A-9227-3991E6153BB0}
		{547FA98D-F336-496B-BD2B-894ECE46AD3C} = {11CF790C-18D1-4B0A-9227-3991E6153BB0}
		{663D06EC-7387-4330-9B64-B17833481540} = {7007B064-D427-4157-90EE-804831F8E8A2}
		{38CF45DF-0955-46E7-A36E-E5B8EEE0B10B} = {7007B064-D427-4157-90EE-804831F8E8A2}
		{DA4942C3-08C2-454A-BBAE-BC1A4EFFC610} = {7007B064-D427-4157-90EE-804831F8E8A2}
	EndGlobalSection
	GlobalSection(ExtensibilityGlobals) = postSolution
		SolutionGuid = {2BECDD2F-8841-4F71-ACFC-B14F7C1D0F5B}
	EndGlobalSection
EndGlobal
